
Microsoft Visual Studio Solution File, Format Version 12.00
# Visual Studio Version 17
VisualStudioVersion = 17.8.34525.116
MinimumVisualStudioVersion = 10.0.40219.1
Project("{FAE04EC0-301F-11D3-BF4B-00C04F79EFBC}") = "GymGear", "GymGear.csproj", "{9B93FC23-372D-4609-B850-ACA36C2F6852}"
EndProject
Global
	GlobalSection(SolutionConfigurationPlatforms) = preSolution
		Debug|Any CPU = Debug|Any CPU
		Release|Any CPU = Release|Any CPU
	EndGlobalSection
	GlobalSection(ProjectConfigurationPlatforms) = postSolution
		{9B93FC23-372D-4609-B850-ACA36C2F6852}.Debug|Any CPU.ActiveCfg = Debug|Any CPU
		{9B93FC23-372D-4609-B850-ACA36C2F6852}.Debug|Any CPU.Build.0 = Debug|Any CPU
		{9B93FC23-372D-4609-B850-ACA36C2F6852}.Debug|Any CPU.Deploy.0 = Debug|Any CPU
		{9B93FC23-372D-4609-B850-ACA36C2F6852}.Release|Any CPU.ActiveCfg = Release|Any CPU
		{9B93FC23-372D-4609-B850-ACA36C2F6852}.Release|Any CPU.Build.0 = Release|Any CPU
		{9B93FC23-372D-4609-B850-ACA36C2F6852}.Release|Any CPU.Deploy.0 = Release|Any CPU
	EndGlobalSection
	GlobalSection(SolutionProperties) = preSolution
		HideSolutionNode = FALSE
	EndGlobalSection
	GlobalSection(ExtensibilityGlobals) = postSolution
		SolutionGuid = {69DBEC58-CEAC-4614-82D5-CA09B197CA5D}
	EndGlobalSection
EndGlobal
